// !$*UTF8*$!
{
	archiveVersion = 1;
	classes = {
	};
	objectVersion = 56;
	objects = {

/* Begin PBXBuildFile section */
		643F44DD2A87BEC000E225AB /* HikeAppApp.swift in Sources */ = {isa = PBXBuildFile; fileRef = 643F44DC2A87BEC000E225AB /* HikeAppApp.swift */; };
		643F44DF2A87BEC000E225AB /* ContentView.swift in Sources */ = {isa = PBXBuildFile; fileRef = 643F44DE2A87BEC000E225AB /* ContentView.swift */; };
		643F44E12A87BEC100E225AB /* Assets.xcassets in Resources */ = {isa = PBXBuildFile; fileRef = 643F44E02A87BEC100E225AB /* Assets.xcassets */; };
		643F44E42A87BEC100E225AB /* Preview Assets.xcassets in Resources */ = {isa = PBXBuildFile; fileRef = 643F44E32A87BEC100E225AB /* Preview Assets.xcassets */; };
		643F44EB2A87C13F00E225AB /* Card.swift in Sources */ = {isa = PBXBuildFile; fileRef = 643F44EA2A87C13F00E225AB /* Card.swift */; };
		643F44EE2A87C75E00E225AB /* CustomBackgroundView.swift in Sources */ = {isa = PBXBuildFile; fileRef = 643F44ED2A87C75E00E225AB /* CustomBackgroundView.swift */; };
		643F44F12A87C9A000E225AB /* ColorExtension.swift in Sources */ = {isa = PBXBuildFile; fileRef = 643F44F02A87C9A000E225AB /* ColorExtension.swift */; };
		643F44F32A87D4F200E225AB /* HikingButton.swift in Sources */ = {isa = PBXBuildFile; fileRef = 643F44F22A87D4F200E225AB /* HikingButton.swift */; };
		644835CA2A8932EC00106873 /* SettingsView.swift in Sources */ = {isa = PBXBuildFile; fileRef = 644835C92A8932EC00106873 /* SettingsView.swift */; };
		6492D4DB2A8ACB3500EB5094 /* BubblesAnimation.swift in Sources */ = {isa = PBXBuildFile; fileRef = 6492D4DA2A8ACB3500EB5094 /* BubblesAnimation.swift */; };
		6492D4DD2A8ADF2000EB5094 /* ItemAbout.swift in Sources */ = {isa = PBXBuildFile; fileRef = 6492D4DC2A8ADF2000EB5094 /* ItemAbout.swift */; };
		6492D4E02A8AE1B000EB5094 /* ItemAboutModel.swift in Sources */ = {isa = PBXBuildFile; fileRef = 6492D4DF2A8AE1B000EB5094 /* ItemAboutModel.swift */; };
		6492D4E22A8AECE100EB5094 /* DrawingConstants.swift in Sources */ = {isa = PBXBuildFile; fileRef = 6492D4E12A8AECE100EB5094 /* DrawingConstants.swift */; };
		649F99CF2A883BA1008E4CCF /* GradientButtonStyle.swift in Sources */ = {isa = PBXBuildFile; fileRef = 649F99CE2A883BA1008E4CCF /* GradientButtonStyle.swift */; };
/* End PBXBuildFile section */

/* Begin PBXFileReference section */
		643F44D92A87BEC000E225AB /* HikeApp.app */ = {isa = PBXFileReference; explicitFileType = wrapper.application; includeInIndex = 0; path = HikeApp.app; sourceTree = BUILT_PRODUCTS_DIR; };
		643F44DC2A87BEC000E225AB /* HikeAppApp.swift */ = {isa = PBXFileReference; lastKnownFileType = sourcecode.swift; path = HikeAppApp.swift; sourceTree = "<group>"; };
		643F44DE2A87BEC000E225AB /* ContentView.swift */ = {isa = PBXFileReference; lastKnownFileType = sourcecode.swift; path = ContentView.swift; sourceTree = "<group>"; };
		643F44E02A87BEC100E225AB /* Assets.xcassets */ = {isa = PBXFileReference; lastKnownFileType = folder.assetcatalog; path = Assets.xcassets; sourceTree = "<group>"; };
		643F44E32A87BEC100E225AB /* Preview Assets.xcassets */ = {isa = PBXFileReference; lastKnownFileType = folder.assetcatalog; path = "Preview Assets.xcassets"; sourceTree = "<group>"; };
		643F44EA2A87C13F00E225AB /* Card.swift */ = {isa = PBXFileReference; lastKnownFileType = sourcecode.swift; path = Card.swift; sourceTree = "<group>"; };
		643F44ED2A87C75E00E225AB /* CustomBackgroundView.swift */ = {isa = PBXFileReference; lastKnownFileType = sourcecode.swift; path = CustomBackgroundView.swift; sourceTree = "<group>"; };
		643F44F02A87C9A000E225AB /* ColorExtension.swift */ = {isa = PBXFileReference; lastKnownFileType = sourcecode.swift; path = ColorExtension.swift; sourceTree = "<group>"; };
		643F44F22A87D4F200E225AB /* HikingButton.swift */ = {isa = PBXFileReference; lastKnownFileType = sourcecode.swift; path = HikingButton.swift; sourceTree = "<group>"; };
		644835C92A8932EC00106873 /* SettingsView.swift */ = {isa = PBXFileReference; lastKnownFileType = sourcecode.swift; path = SettingsView.swift; sourceTree = "<group>"; };
		6492D4DA2A8ACB3500EB5094 /* BubblesAnimation.swift */ = {isa = PBXFileReference; lastKnownFileType = sourcecode.swift; path = BubblesAnimation.swift; sourceTree = "<group>"; };
		6492D4DC2A8ADF2000EB5094 /* ItemAbout.swift */ = {isa = PBXFileReference; lastKnownFileType = sourcecode.swift; path = ItemAbout.swift; sourceTree = "<group>"; };
		6492D4DF2A8AE1B000EB5094 /* ItemAboutModel.swift */ = {isa = PBXFileReference; lastKnownFileType = sourcecode.swift; path = ItemAboutModel.swift; sourceTree = "<group>"; };
		6492D4E12A8AECE100EB5094 /* DrawingConstants.swift */ = {isa = PBXFileReference; lastKnownFileType = sourcecode.swift; path = DrawingConstants.swift; sourceTree = "<group>"; };
		649F99CE2A883BA1008E4CCF /* GradientButtonStyle.swift */ = {isa = PBXFileReference; lastKnownFileType = sourcecode.swift; path = GradientButtonStyle.swift; sourceTree = "<group>"; };
/* End PBXFileReference section */

/* Begin PBXFrameworksBuildPhase section */
		643F44D62A87BEC000E225AB /* Frameworks */ = {
			isa = PBXFrameworksBuildPhase;
			buildActionMask = 2147483647;
			files = (
			);
			runOnlyForDeploymentPostprocessing = 0;
		};
/* End PBXFrameworksBuildPhase section */

/* Begin PBXGroup section */
		643F44D02A87BEC000E225AB = {
			isa = PBXGroup;
			children = (
				643F44DB2A87BEC000E225AB /* HikeApp */,
				643F44DA2A87BEC000E225AB /* Products */,
			);
			sourceTree = "<group>";
		};
		643F44DA2A87BEC000E225AB /* Products */ = {
			isa = PBXGroup;
			children = (
				643F44D92A87BEC000E225AB /* HikeApp.app */,
			);
			name = Products;
			sourceTree = "<group>";
		};
		643F44DB2A87BEC000E225AB /* HikeApp */ = {
			isa = PBXGroup;
			children = (
				6492D4DE2A8AE19A00EB5094 /* Data */,
				643F44EF2A87C8D600E225AB /* Utility */,
				643F44DC2A87BEC000E225AB /* HikeAppApp.swift */,
				644835C82A8932A500106873 /* MainScreen */,
				643F44E02A87BEC100E225AB /* Assets.xcassets */,
				643F44E22A87BEC100E225AB /* Preview Content */,
				643F44EC2A87C1BE00E225AB /* Component */,
			);
			path = HikeApp;
			sourceTree = "<group>";
		};
		643F44E22A87BEC100E225AB /* Preview Content */ = {
			isa = PBXGroup;
			children = (
				643F44E32A87BEC100E225AB /* Preview Assets.xcassets */,
			);
			path = "Preview Content";
			sourceTree = "<group>";
		};
		643F44EC2A87C1BE00E225AB /* Component */ = {
			isa = PBXGroup;
			children = (
				643F44EA2A87C13F00E225AB /* Card.swift */,
				643F44ED2A87C75E00E225AB /* CustomBackgroundView.swift */,
				643F44F22A87D4F200E225AB /* HikingButton.swift */,
				6492D4DA2A8ACB3500EB5094 /* BubblesAnimation.swift */,
				6492D4DC2A8ADF2000EB5094 /* ItemAbout.swift */,
			);
			path = Component;
			sourceTree = "<group>";
		};
		643F44EF2A87C8D600E225AB /* Utility */ = {
			isa = PBXGroup;
			children = (
				643F44F02A87C9A000E225AB /* ColorExtension.swift */,
				649F99CE2A883BA1008E4CCF /* GradientButtonStyle.swift */,
				6492D4E12A8AECE100EB5094 /* DrawingConstants.swift */,
			);
			path = Utility;
			sourceTree = "<group>";
		};
		644835C82A8932A500106873 /* MainScreen */ = {
			isa = PBXGroup;
			children = (
				643F44DE2A87BEC000E225AB /* ContentView.swift */,
				644835C92A8932EC00106873 /* SettingsView.swift */,
			);
			path = MainScreen;
			sourceTree = "<group>";
		};
		6492D4DE2A8AE19A00EB5094 /* Data */ = {
			isa = PBXGroup;
			children = (
				6492D4DF2A8AE1B000EB5094 /* ItemAboutModel.swift */,
			);
			path = Data;
			sourceTree = "<group>";
		};
/* End PBXGroup section */

/* Begin PBXNativeTarget section */
		643F44D82A87BEC000E225AB /* HikeApp */ = {
			isa = PBXNativeTarget;
			buildConfigurationList = 643F44E72A87BEC100E225AB /* Build configuration list for PBXNativeTarget "HikeApp" */;
			buildPhases = (
				643F44D52A87BEC000E225AB /* Sources */,
				643F44D62A87BEC000E225AB /* Frameworks */,
				643F44D72A87BEC000E225AB /* Resources */,
			);
			buildRules = (
			);
			dependencies = (
			);
			name = HikeApp;
			productName = HikeApp;
			productReference = 643F44D92A87BEC000E225AB /* HikeApp.app */;
			productType = "com.apple.product-type.application";
		};
/* End PBXNativeTarget section */

/* Begin PBXProject section */
		643F44D12A87BEC000E225AB /* Project object */ = {
			isa = PBXProject;
			attributes = {
				BuildIndependentTargetsInParallel = 1;
				LastSwiftUpdateCheck = 1420;
				LastUpgradeCheck = 1420;
				TargetAttributes = {
					643F44D82A87BEC000E225AB = {
						CreatedOnToolsVersion = 14.2;
					};
				};
			};
			buildConfigurationList = 643F44D42A87BEC000E225AB /* Build configuration list for PBXProject "HikeApp" */;
			compatibilityVersion = "Xcode 14.0";
			developmentRegion = en;
			hasScannedForEncodings = 0;
			knownRegions = (
				en,
				Base,
			);
			mainGroup = 643F44D02A87BEC000E225AB;
			productRefGroup = 643F44DA2A87BEC000E225AB /* Products */;
			projectDirPath = "";
			projectRoot = "";
			targets = (
				643F44D82A87BEC000E225AB /* HikeApp */,
			);
		};
/* End PBXProject section */

/* Begin PBXResourcesBuildPhase section */
		643F44D72A87BEC000E225AB /* Resources */ = {
			isa = PBXResourcesBuildPhase;
			buildActionMask = 2147483647;
			files = (
				643F44E42A87BEC100E225AB /* Preview Assets.xcassets in Resources */,
				643F44E12A87BEC100E225AB /* Assets.xcassets in Resources */,
			);
			runOnlyForDeploymentPostprocessing = 0;
		};
/* End PBXResourcesBuildPhase section */

/* Begin PBXSourcesBuildPhase section */
		643F44D52A87BEC000E225AB /* Sources */ = {
			isa = PBXSourcesBuildPhase;
			buildActionMask = 2147483647;
			files = (
				6492D4E02A8AE1B000EB5094 /* ItemAboutModel.swift in Sources */,
				643F44DF2A87BEC000E225AB /* ContentView.swift in Sources */,
				6492D4DB2A8ACB3500EB5094 /* BubblesAnimation.swift in Sources */,
				6492D4DD2A8ADF2000EB5094 /* ItemAbout.swift in Sources */,
				644835CA2A8932EC00106873 /* SettingsView.swift in Sources */,
				643F44EB2A87C13F00E225AB /* Card.swift in Sources */,
				643F44DD2A87BEC000E225AB /* HikeAppApp.swift in Sources */,
				643F44F32A87D4F200E225AB /* HikingButton.swift in Sources */,
				649F99CF2A883BA1008E4CCF /* GradientButtonStyle.swift in Sources */,
				643F44EE2A87C75E00E225AB /* CustomBackgroundView.swift in Sources */,
				6492D4E22A8AECE100EB5094 /* DrawingConstants.swift in Sources */,
				643F44F12A87C9A000E225AB /* ColorExtension.swift in Sources */,
			);
			runOnlyForDeploymentPostprocessing = 0;
		};
/* End PBXSourcesBuildPhase section */

/* Begin XCBuildConfiguration section */
		643F44E52A87BEC100E225AB /* Debug */ = {
			isa = XCBuildConfiguration;
			buildSettings = {
				ALWAYS_SEARCH_USER_PATHS = NO;
				CLANG_ANALYZER_NONNULL = YES;
				CLANG_ANALYZER_NUMBER_OBJECT_CONVERSION = YES_AGGRESSIVE;
				CLANG_CXX_LANGUAGE_STANDARD = "gnu++20";
				CLANG_ENABLE_MODULES = YES;
				CLANG_ENABLE_OBJC_ARC = YES;
				CLANG_ENABLE_OBJC_WEAK = YES;
				CLANG_WARN_BLOCK_CAPTURE_AUTORELEASING = YES;
				CLANG_WARN_BOOL_CONVERSION = YES;
				CLANG_WARN_COMMA = YES;
				CLANG_WARN_CONSTANT_CONVERSION = YES;
				CLANG_WARN_DEPRECATED_OBJC_IMPLEMENTATIONS = YES;
				CLANG_WARN_DIRECT_OBJC_ISA_USAGE = YES_ERROR;
				CLANG_WARN_DOCUMENTATION_COMMENTS = YES;
				CLANG_WARN_EMPTY_BODY = YES;
				CLANG_WARN_ENUM_CONVERSION = YES;
				CLANG_WARN_INFINITE_RECURSION = YES;
				CLANG_WARN_INT_CONVERSION = YES;
				CLANG_WARN_NON_LITERAL_NULL_CONVERSION = YES;
				CLANG_WARN_OBJC_IMPLICIT_RETAIN_SELF = YES;
				CLANG_WARN_OBJC_LITERAL_CONVERSION = YES;
				CLANG_WARN_OBJC_ROOT_CLASS = YES_ERROR;
				CLANG_WARN_QUOTED_INCLUDE_IN_FRAMEWORK_HEADER = YES;
				CLANG_WARN_RANGE_LOOP_ANALYSIS = YES;
				CLANG_WARN_STRICT_PROTOTYPES = YES;
				CLANG_WARN_SUSPICIOUS_MOVE = YES;
				CLANG_WARN_UNGUARDED_AVAILABILITY = YES_AGGRESSIVE;
				CLANG_WARN_UNREACHABLE_CODE = YES;
				CLANG_WARN__DUPLICATE_METHOD_MATCH = YES;
				COPY_PHASE_STRIP = NO;
				DEBUG_INFORMATION_FORMAT = dwarf;
				ENABLE_STRICT_OBJC_MSGSEND = YES;
				ENABLE_TESTABILITY = YES;
				GCC_C_LANGUAGE_STANDARD = gnu11;
				GCC_DYNAMIC_NO_PIC = NO;
				GCC_NO_COMMON_BLOCKS = YES;
				GCC_OPTIMIZATION_LEVEL = 0;
				GCC_PREPROCESSOR_DEFINITIONS = (
					"DEBUG=1",
					"$(inherited)",
				);
				GCC_WARN_64_TO_32_BIT_CONVERSION = YES;
				GCC_WARN_ABOUT_RETURN_TYPE = YES_ERROR;
				GCC_WARN_UNDECLARED_SELECTOR = YES;
				GCC_WARN_UNINITIALIZED_AUTOS = YES_AGGRESSIVE;
				GCC_WARN_UNUSED_FUNCTION = YES;
				GCC_WARN_UNUSED_VARIABLE = YES;
				IPHONEOS_DEPLOYMENT_TARGET = 16.2;
				MTL_ENABLE_DEBUG_INFO = INCLUDE_SOURCE;
				MTL_FAST_MATH = YES;
				ONLY_ACTIVE_ARCH = YES;
				SDKROOT = iphoneos;
				SWIFT_ACTIVE_COMPILATION_CONDITIONS = DEBUG;
				SWIFT_OPTIMIZATION_LEVEL = "-Onone";
			};
			name = Debug;
		};
		643F44E62A87BEC100E225AB /* Release */ = {
			isa = XCBuildConfiguration;
			buildSettings = {
				ALWAYS_SEARCH_USER_PATHS = NO;
				CLANG_ANALYZER_NONNULL = YES;
				CLANG_ANALYZER_NUMBER_OBJECT_CONVERSION = YES_AGGRESSIVE;
				CLANG_CXX_LANGUAGE_STANDARD = "gnu++20";
				CLANG_ENABLE_MODULES = YES;
				CLANG_ENABLE_OBJC_ARC = YES;
				CLANG_ENABLE_OBJC_WEAK = YES;
				CLANG_WARN_BLOCK_CAPTURE_AUTORELEASING = YES;
				CLANG_WARN_BOOL_CONVERSION = YES;
				CLANG_WARN_COMMA = YES;
				CLANG_WARN_CONSTANT_CONVERSION = YES;
				CLANG_WARN_DEPRECATED_OBJC_IMPLEMENTATIONS = YES;
				CLANG_WARN_DIRECT_OBJC_ISA_USAGE = YES_ERROR;
				CLANG_WARN_DOCUMENTATION_COMMENTS = YES;
				CLANG_WARN_EMPTY_BODY = YES;
				CLANG_WARN_ENUM_CONVERSION = YES;
				CLANG_WARN_INFINITE_RECURSION = YES;
				CLANG_WARN_INT_CONVERSION = YES;
				CLANG_WARN_NON_LITERAL_NULL_CONVERSION = YES;
				CLANG_WARN_OBJC_IMPLICIT_RETAIN_SELF = YES;
				CLANG_WARN_OBJC_LITERAL_CONVERSION = YES;
				CLANG_WARN_OBJC_ROOT_CLASS = YES_ERROR;
				CLANG_WARN_QUOTED_INCLUDE_IN_FRAMEWORK_HEADER = YES;
				CLANG_WARN_RANGE_LOOP_ANALYSIS = YES;
				CLANG_WARN_STRICT_PROTOTYPES = YES;
				CLANG_WARN_SUSPICIOUS_MOVE = YES;
				CLANG_WARN_UNGUARDED_AVAILABILITY = YES_AGGRESSIVE;
				CLANG_WARN_UNREACHABLE_CODE = YES;
				CLANG_WARN__DUPLICATE_METHOD_MATCH = YES;
				COPY_PHASE_STRIP = NO;
				DEBUG_INFORMATION_FORMAT = "dwarf-with-dsym";
				ENABLE_NS_ASSERTIONS = NO;
				ENABLE_STRICT_OBJC_MSGSEND = YES;
				GCC_C_LANGUAGE_STANDARD = gnu11;
				GCC_NO_COMMON_BLOCKS = YES;
				GCC_WARN_64_TO_32_BIT_CONVERSION = YES;
				GCC_WARN_ABOUT_RETURN_TYPE = YES_ERROR;
				GCC_WARN_UNDECLARED_SELECTOR = YES;
				GCC_WARN_UNINITIALIZED_AUTOS = YES_AGGRESSIVE;
				GCC_WARN_UNUSED_FUNCTION = YES;
				GCC_WARN_UNUSED_VARIABLE = YES;
				IPHONEOS_DEPLOYMENT_TARGET = 16.2;
				MTL_ENABLE_DEBUG_INFO = NO;
				MTL_FAST_MATH = YES;
				SDKROOT = iphoneos;
				SWIFT_COMPILATION_MODE = wholemodule;
				SWIFT_OPTIMIZATION_LEVEL = "-O";
				VALIDATE_PRODUCT = YES;
			};
			name = Release;
		};
		643F44E82A87BEC100E225AB /* Debug */ = {
			isa = XCBuildConfiguration;
			buildSettings = {
				ASSETCATALOG_COMPILER_ALTERNATE_APPICON_NAMES = "AppIcon-Campfire AppIcon-Camera AppIcon-Map AppIcon-Mushroom AppIcon-MagnifyingGlass AppIcon-Backpack";
				ASSETCATALOG_COMPILER_APPICON_NAME = AppIcon;
				ASSETCATALOG_COMPILER_GLOBAL_ACCENT_COLOR_NAME = AccentColor;
				ASSETCATALOG_COMPILER_INCLUDE_ALL_APPICON_ASSETS = YES;
				CODE_SIGN_STYLE = Automatic;
				CURRENT_PROJECT_VERSION = 1;
				DEVELOPMENT_ASSET_PATHS = "\"HikeApp/Preview Content\"";
				DEVELOPMENT_TEAM = SFGFVVKYCQ;
				ENABLE_PREVIEWS = YES;
				GENERATE_INFOPLIST_FILE = YES;
				INFOPLIST_KEY_UIApplicationSceneManifest_Generation = YES;
				INFOPLIST_KEY_UIApplicationSupportsIndirectInputEvents = YES;
				INFOPLIST_KEY_UILaunchScreen_Generation = YES;
				INFOPLIST_KEY_UISupportedInterfaceOrientations_iPad = "UIInterfaceOrientationPortrait UIInterfaceOrientationPortraitUpsideDown UIInterfaceOrientationLandscapeLeft UIInterfaceOrientationLandscapeRight";
				INFOPLIST_KEY_UISupportedInterfaceOrientations_iPhone = "UIInterfaceOrientationPortrait UIInterfaceOrientationLandscapeLeft UIInterfaceOrientationLandscapeRight";
				LD_RUNPATH_SEARCH_PATHS = (
					"$(inherited)",
					"@executable_path/Frameworks",
				);
				MARKETING_VERSION = 1.0;
				PRODUCT_BUNDLE_IDENTIFIER = com.ezz.HikeApp;
				PRODUCT_NAME = "$(TARGET_NAME)";
				SWIFT_EMIT_LOC_STRINGS = YES;
				SWIFT_VERSION = 5.0;
				TARGETED_DEVICE_FAMILY = "1,2";
			};
			name = Debug;
		};
		643F44E92A87BEC100E225AB /* Release */ = {
			isa = XCBuildConfiguration;
			buildSettings = {
				ASSETCATALOG_COMPILER_ALTERNATE_APPICON_NAMES = "AppIcon-Campfire AppIcon-Camera AppIcon-Map AppIcon-Mushroom AppIcon-MagnifyingGlass AppIcon-Backpack";
				ASSETCATALOG_COMPILER_APPICON_NAME = AppIcon;
				ASSETCATALOG_COMPILER_GLOBAL_ACCENT_COLOR_NAME = AccentColor;
				ASSETCATALOG_COMPILER_INCLUDE_ALL_APPICON_ASSETS = YES;
				CODE_SIGN_STYLE = Automatic;
				CURRENT_PROJECT_VERSION = 1;
				DEVELOPMENT_ASSET_PATHS = "\"HikeApp/Preview Content\"";
				DEVELOPMENT_TEAM = SFGFVVKYCQ;
				ENABLE_PREVIEWS = YES;
				GENERATE_INFOPLIST_FILE = YES;
				INFOPLIST_KEY_UIApplicationSceneManifest_Generation = YES;
				INFOPLIST_KEY_UIApplicationSupportsIndirectInputEvents = YES;
				INFOPLIST_KEY_UILaunchScreen_Generation = YES;
				INFOPLIST_KEY_UISupportedInterfaceOrientations_iPad = "UIInterfaceOrientationPortrait UIInterfaceOrientationPortraitUpsideDown UIInterfaceOrientationLandscapeLeft UIInterfaceOrientationLandscapeRight";
				INFOPLIST_KEY_UISupportedInterfaceOrientations_iPhone = "UIInterfaceOrientationPortrait UIInterfaceOrientationLandscapeLeft UIInterfaceOrientationLandscapeRight";
				LD_RUNPATH_SEARCH_PATHS = (
					"$(inherited)",
					"@executable_path/Frameworks",
				);
				MARKETING_VERSION = 1.0;
				PRODUCT_BUNDLE_IDENTIFIER = com.ezz.HikeApp;
				PRODUCT_NAME = "$(TARGET_NAME)";
				SWIFT_EMIT_LOC_STRINGS = YES;
				SWIFT_VERSION = 5.0;
				TARGETED_DEVICE_FAMILY = "1,2";
			};
			name = Release;
		};
/* End XCBuildConfiguration section */

/* Begin XCConfigurationList section */
		643F44D42A87BEC000E225AB /* Build configuration list for PBXProject "HikeApp" */ = {
			isa = XCConfigurationList;
			buildConfigurations = (
				643F44E52A87BEC100E225AB /* Debug */,
				643F44E62A87BEC100E225AB /* Release */,
			);
			defaultConfigurationIsVisible = 0;
			defaultConfigurationName = Release;
		};
		643F44E72A87BEC100E225AB /* Build configuration list for PBXNativeTarget "HikeApp" */ = {
			isa = XCConfigurationList;
			buildConfigurations = (
				643F44E82A87BEC100E225AB /* Debug */,
				643F44E92A87BEC100E225AB /* Release */,
			);
			defaultConfigurationIsVisible = 0;
			defaultConfigurationName = Release;
		};
/* End XCConfigurationList section */
	};
	rootObject = 643F44D12A87BEC000E225AB /* Project object */;
}
